// !$*UTF8*$!
{
	archiveVersion = 1;
	classes = {
	};
	objectVersion = 46;
	objects = {

/* Begin PBXBuildFile section */
		9B12D8261D6A6FDA00255705 /* Graph_AdjacencyList.swift in Sources */ = {isa = PBXBuildFile; fileRef = 9B12D8251D6A6FDA00255705 /* Graph_AdjacencyList.swift */; };
		9B12D8281D6A6FF400255705 /* Graph_List.swift in Sources */ = {isa = PBXBuildFile; fileRef = 9B12D8271D6A6FF400255705 /* Graph_List.swift */; };
		9B12D82A1D6AF21C00255705 /* Tree.swift in Sources */ = {isa = PBXBuildFile; fileRef = 9B12D8291D6AF21C00255705 /* Tree.swift */; };
		9B12D82E1D6AF52C00255705 /* BinaryTree.swift in Sources */ = {isa = PBXBuildFile; fileRef = 9B12D82D1D6AF52C00255705 /* BinaryTree.swift */; };
		9B666C6A1D6BBDD0004E9FB3 /* PriorityQueue.swift in Sources */ = {isa = PBXBuildFile; fileRef = 9B666C691D6BBDD0004E9FB3 /* PriorityQueue.swift */; };
		9B666C6C1D6C594F004E9FB3 /* (a,b)-Tree.swift in Sources */ = {isa = PBXBuildFile; fileRef = 9B666C6B1D6C594F004E9FB3 /* (a,b)-Tree.swift */; };
		9B666C6E1D6C5998004E9FB3 /* B-Tree.swift in Sources */ = {isa = PBXBuildFile; fileRef = 9B666C6D1D6C5998004E9FB3 /* B-Tree.swift */; };
		9B666C701D6C59C5004E9FB3 /* B+-Tree.swift in Sources */ = {isa = PBXBuildFile; fileRef = 9B666C6F1D6C59C5004E9FB3 /* B+-Tree.swift */; };
		9B788D011D59D5CA00B2402E /* Algorithms and Data structures.h in Headers */ = {isa = PBXBuildFile; fileRef = 9B788CFF1D59D5CA00B2402E /* Algorithms and Data structures.h */; settings = {ATTRIBUTES = (Public, ); }; };
		9B788D171D59D7B600B2402E /* BinomialHeap.swift in Sources */ = {isa = PBXBuildFile; fileRef = 9B788D161D59D7B600B2402E /* BinomialHeap.swift */; };
		9B788D191D59D7D200B2402E /* Pattern_Matching.swift in Sources */ = {isa = PBXBuildFile; fileRef = 9B788D181D59D7D200B2402E /* Pattern_Matching.swift */; };
		9B788D1F1D59DC0300B2402E /* DoublyLinkedList.swift in Sources */ = {isa = PBXBuildFile; fileRef = 9B788D1A1D59DC0300B2402E /* DoublyLinkedList.swift */; };
		9B788D201D59DC0300B2402E /* Graph_Hashing.swift in Sources */ = {isa = PBXBuildFile; fileRef = 9B788D1B1D59DC0300B2402E /* Graph_Hashing.swift */; };
		9B788D211D59DC0300B2402E /* Graph_Matrix.swift in Sources */ = {isa = PBXBuildFile; fileRef = 9B788D1C1D59DC0300B2402E /* Graph_Matrix.swift */; };
		9B788D221D59DC0300B2402E /* Graph.swift in Sources */ = {isa = PBXBuildFile; fileRef = 9B788D1D1D59DC0300B2402E /* Graph.swift */; };
		9B788D231D59DC0300B2402E /* SinglyLinkedList.swift in Sources */ = {isa = PBXBuildFile; fileRef = 9B788D1E1D59DC0300B2402E /* SinglyLinkedList.swift */; };
		9B788D2B1D59E03D00B2402E /* TreeTests.swift in Sources */ = {isa = PBXBuildFile; fileRef = 9B788D2A1D59E03D00B2402E /* TreeTests.swift */; };
		9B788D2D1D59E03D00B2402E /* Algorithms_and_Data_structures.framework in Frameworks */ = {isa = PBXBuildFile; fileRef = 9B788CFC1D59D5CA00B2402E /* Algorithms_and_Data_structures.framework */; };
		9BA3FC4C1D64874D0017F791 /* List.swift in Sources */ = {isa = PBXBuildFile; fileRef = 9BA3FC4B1D64874D0017F791 /* List.swift */; };
		9BB906B91D6B527200F3445D /* AVLBinaryTree.swift in Sources */ = {isa = PBXBuildFile; fileRef = 9BB906B81D6B527200F3445D /* AVLBinaryTree.swift */; };
		9BB906BB1D6B528700F3445D /* CompositeBinaryTree.swift in Sources */ = {isa = PBXBuildFile; fileRef = 9BB906BA1D6B528700F3445D /* CompositeBinaryTree.swift */; };
		9BB906BD1D6B529D00F3445D /* AVLCompositeBinaryTree.swift in Sources */ = {isa = PBXBuildFile; fileRef = 9BB906BC1D6B529D00F3445D /* AVLCompositeBinaryTree.swift */; };
		9BB906BF1D6B52AB00F3445D /* BinaryMinHeap.swift in Sources */ = {isa = PBXBuildFile; fileRef = 9BB906BE1D6B52AB00F3445D /* BinaryMinHeap.swift */; };
		9BB906C11D6B52CE00F3445D /* BinaryHeap.swift in Sources */ = {isa = PBXBuildFile; fileRef = 9BB906C01D6B52CE00F3445D /* BinaryHeap.swift */; };
		9BB906C31D6B52DA00F3445D /* BinaryMaxHeap.swift in Sources */ = {isa = PBXBuildFile; fileRef = 9BB906C21D6B52DA00F3445D /* BinaryMaxHeap.swift */; };
		9BF18A881D5A0273004D343B /* GraphTests.swift in Sources */ = {isa = PBXBuildFile; fileRef = 9BF18A871D5A0273004D343B /* GraphTests.swift */; };
		9BF18A8A1D5A0273004D343B /* Algorithms_and_Data_structures.framework in Frameworks */ = {isa = PBXBuildFile; fileRef = 9B788CFC1D59D5CA00B2402E /* Algorithms_and_Data_structures.framework */; };
		9BF2BFB31D63C5AD000A875E /* Graph_Algorithms.swift in Sources */ = {isa = PBXBuildFile; fileRef = 9BF2BFB21D63C5AD000A875E /* Graph_Algorithms.swift */; };
		9BF2BFBB1D63EEC8000A875E /* ListTests.swift in Sources */ = {isa = PBXBuildFile; fileRef = 9BF2BFBA1D63EEC8000A875E /* ListTests.swift */; };
		9BF2BFBD1D63EEC8000A875E /* Algorithms_and_Data_structures.framework in Frameworks */ = {isa = PBXBuildFile; fileRef = 9B788CFC1D59D5CA00B2402E /* Algorithms_and_Data_structures.framework */; };
		9BF2BFCA1D63EED9000A875E /* PatternMatchingTests.swift in Sources */ = {isa = PBXBuildFile; fileRef = 9BF2BFC91D63EED9000A875E /* PatternMatchingTests.swift */; };
		9BF2BFCC1D63EED9000A875E /* Algorithms_and_Data_structures.framework in Frameworks */ = {isa = PBXBuildFile; fileRef = 9B788CFC1D59D5CA00B2402E /* Algorithms_and_Data_structures.framework */; };
/* End PBXBuildFile section */

/* Begin PBXContainerItemProxy section */
		9B788D2E1D59E03D00B2402E /* PBXContainerItemProxy */ = {
			isa = PBXContainerItemProxy;
			containerPortal = 9B788CF31D59D5CA00B2402E /* Project object */;
			proxyType = 1;
			remoteGlobalIDString = 9B788CFB1D59D5CA00B2402E;
			remoteInfo = "Algorithms and Data structures";
		};
		9BF18A8B1D5A0273004D343B /* PBXContainerItemProxy */ = {
			isa = PBXContainerItemProxy;
			containerPortal = 9B788CF31D59D5CA00B2402E /* Project object */;
			proxyType = 1;
			remoteGlobalIDString = 9B788CFB1D59D5CA00B2402E;
			remoteInfo = "Algorithms and Data structures";
		};
		9BF2BFBE1D63EEC8000A875E /* PBXContainerItemProxy */ = {
			isa = PBXContainerItemProxy;
			containerPortal = 9B788CF31D59D5CA00B2402E /* Project object */;
			proxyType = 1;
			remoteGlobalIDString = 9B788CFB1D59D5CA00B2402E;
			remoteInfo = "Algorithms and Data structures";
		};
		9BF2BFCD1D63EED9000A875E /* PBXContainerItemProxy */ = {
			isa = PBXContainerItemProxy;
			containerPortal = 9B788CF31D59D5CA00B2402E /* Project object */;
			proxyType = 1;
			remoteGlobalIDString = 9B788CFB1D59D5CA00B2402E;
			remoteInfo = "Algorithms and Data structures";
		};
/* End PBXContainerItemProxy section */

/* Begin PBXFileReference section */
		9B12D8251D6A6FDA00255705 /* Graph_AdjacencyList.swift */ = {isa = PBXFileReference; fileEncoding = 4; lastKnownFileType = sourcecode.swift; name = Graph_AdjacencyList.swift; path = "Algorithms and Data structures/Graph_AdjacencyList.swift"; sourceTree = "<group>"; };
		9B12D8271D6A6FF400255705 /* Graph_List.swift */ = {isa = PBXFileReference; fileEncoding = 4; lastKnownFileType = sourcecode.swift; name = Graph_List.swift; path = "Algorithms and Data structures/Graph_List.swift"; sourceTree = "<group>"; };
		9B12D8291D6AF21C00255705 /* Tree.swift */ = {isa = PBXFileReference; fileEncoding = 4; lastKnownFileType = sourcecode.swift; path = Tree.swift; sourceTree = "<group>"; };
		9B12D82D1D6AF52C00255705 /* BinaryTree.swift */ = {isa = PBXFileReference; fileEncoding = 4; lastKnownFileType = sourcecode.swift; path = BinaryTree.swift; sourceTree = "<group>"; };
		9B666C691D6BBDD0004E9FB3 /* PriorityQueue.swift */ = {isa = PBXFileReference; fileEncoding = 4; lastKnownFileType = sourcecode.swift; path = PriorityQueue.swift; sourceTree = "<group>"; };
		9B666C6B1D6C594F004E9FB3 /* (a,b)-Tree.swift */ = {isa = PBXFileReference; fileEncoding = 4; lastKnownFileType = sourcecode.swift; path = "(a,b)-Tree.swift"; sourceTree = "<group>"; };
		9B666C6D1D6C5998004E9FB3 /* B-Tree.swift */ = {isa = PBXFileReference; fileEncoding = 4; lastKnownFileType = sourcecode.swift; path = "B-Tree.swift"; sourceTree = "<group>"; };
		9B666C6F1D6C59C5004E9FB3 /* B+-Tree.swift */ = {isa = PBXFileReference; fileEncoding = 4; lastKnownFileType = sourcecode.swift; path = "B+-Tree.swift"; sourceTree = "<group>"; };
		9B788CFC1D59D5CA00B2402E /* Algorithms_and_Data_structures.framework */ = {isa = PBXFileReference; explicitFileType = wrapper.framework; includeInIndex = 0; path = Algorithms_and_Data_structures.framework; sourceTree = BUILT_PRODUCTS_DIR; };
		9B788CFF1D59D5CA00B2402E /* Algorithms and Data structures.h */ = {isa = PBXFileReference; lastKnownFileType = sourcecode.c.h; path = "Algorithms and Data structures.h"; sourceTree = "<group>"; };
		9B788D001D59D5CA00B2402E /* Info.plist */ = {isa = PBXFileReference; lastKnownFileType = text.plist.xml; path = Info.plist; sourceTree = "<group>"; };
		9B788D161D59D7B600B2402E /* BinomialHeap.swift */ = {isa = PBXFileReference; fileEncoding = 4; lastKnownFileType = sourcecode.swift; path = BinomialHeap.swift; sourceTree = "<group>"; };
		9B788D181D59D7D200B2402E /* Pattern_Matching.swift */ = {isa = PBXFileReference; fileEncoding = 4; lastKnownFileType = sourcecode.swift; path = Pattern_Matching.swift; sourceTree = "<group>"; };
		9B788D1A1D59DC0300B2402E /* DoublyLinkedList.swift */ = {isa = PBXFileReference; fileEncoding = 4; lastKnownFileType = sourcecode.swift; name = DoublyLinkedList.swift; path = "Algorithms and Data structures/DoublyLinkedList.swift"; sourceTree = "<group>"; };
		9B788D1B1D59DC0300B2402E /* Graph_Hashing.swift */ = {isa = PBXFileReference; fileEncoding = 4; lastKnownFileType = sourcecode.swift; name = Graph_Hashing.swift; path = "Algorithms and Data structures/Graph_Hashing.swift"; sourceTree = "<group>"; };
		9B788D1C1D59DC0300B2402E /* Graph_Matrix.swift */ = {isa = PBXFileReference; fileEncoding = 4; lastKnownFileType = sourcecode.swift; name = Graph_Matrix.swift; path = "Algorithms and Data structures/Graph_Matrix.swift"; sourceTree = "<group>"; };
		9B788D1D1D59DC0300B2402E /* Graph.swift */ = {isa = PBXFileReference; fileEncoding = 4; lastKnownFileType = sourcecode.swift; name = Graph.swift; path = "Algorithms and Data structures/Graph.swift"; sourceTree = "<group>"; };
		9B788D1E1D59DC0300B2402E /* SinglyLinkedList.swift */ = {isa = PBXFileReference; fileEncoding = 4; lastKnownFileType = sourcecode.swift; name = SinglyLinkedList.swift; path = "Algorithms and Data structures/SinglyLinkedList.swift"; sourceTree = "<group>"; };
		9B788D281D59E03D00B2402E /* TreeTests.xctest */ = {isa = PBXFileReference; explicitFileType = wrapper.cfbundle; includeInIndex = 0; path = TreeTests.xctest; sourceTree = BUILT_PRODUCTS_DIR; };
		9B788D2A1D59E03D00B2402E /* TreeTests.swift */ = {isa = PBXFileReference; lastKnownFileType = sourcecode.swift; path = TreeTests.swift; sourceTree = "<group>"; };
		9B788D2C1D59E03D00B2402E /* Info.plist */ = {isa = PBXFileReference; lastKnownFileType = text.plist.xml; path = Info.plist; sourceTree = "<group>"; };
		9BA3FC4B1D64874D0017F791 /* List.swift */ = {isa = PBXFileReference; fileEncoding = 4; lastKnownFileType = sourcecode.swift; name = List.swift; path = "Algorithms and Data structures/List.swift"; sourceTree = "<group>"; };
		9BB906B81D6B527200F3445D /* AVLBinaryTree.swift */ = {isa = PBXFileReference; fileEncoding = 4; lastKnownFileType = sourcecode.swift; path = AVLBinaryTree.swift; sourceTree = "<group>"; };
		9BB906BA1D6B528700F3445D /* CompositeBinaryTree.swift */ = {isa = PBXFileReference; fileEncoding = 4; lastKnownFileType = sourcecode.swift; path = CompositeBinaryTree.swift; sourceTree = "<group>"; };
		9BB906BC1D6B529D00F3445D /* AVLCompositeBinaryTree.swift */ = {isa = PBXFileReference; fileEncoding = 4; lastKnownFileType = sourcecode.swift; path = AVLCompositeBinaryTree.swift; sourceTree = "<group>"; };
		9BB906BE1D6B52AB00F3445D /* BinaryMinHeap.swift */ = {isa = PBXFileReference; fileEncoding = 4; lastKnownFileType = sourcecode.swift; path = BinaryMinHeap.swift; sourceTree = "<group>"; };
		9BB906C01D6B52CE00F3445D /* BinaryHeap.swift */ = {isa = PBXFileReference; fileEncoding = 4; lastKnownFileType = sourcecode.swift; path = BinaryHeap.swift; sourceTree = "<group>"; };
		9BB906C21D6B52DA00F3445D /* BinaryMaxHeap.swift */ = {isa = PBXFileReference; fileEncoding = 4; lastKnownFileType = sourcecode.swift; path = BinaryMaxHeap.swift; sourceTree = "<group>"; };
		9BF18A851D5A0273004D343B /* GraphTests.xctest */ = {isa = PBXFileReference; explicitFileType = wrapper.cfbundle; includeInIndex = 0; path = GraphTests.xctest; sourceTree = BUILT_PRODUCTS_DIR; };
		9BF18A871D5A0273004D343B /* GraphTests.swift */ = {isa = PBXFileReference; lastKnownFileType = sourcecode.swift; path = GraphTests.swift; sourceTree = "<group>"; };
		9BF18A891D5A0273004D343B /* Info.plist */ = {isa = PBXFileReference; lastKnownFileType = text.plist.xml; path = Info.plist; sourceTree = "<group>"; };
		9BF2BFB21D63C5AD000A875E /* Graph_Algorithms.swift */ = {isa = PBXFileReference; fileEncoding = 4; lastKnownFileType = sourcecode.swift; name = Graph_Algorithms.swift; path = "Algorithms and Data structures/Graph_Algorithms.swift"; sourceTree = "<group>"; };
		9BF2BFB81D63EEC8000A875E /* ListTests.xctest */ = {isa = PBXFileReference; explicitFileType = wrapper.cfbundle; includeInIndex = 0; path = ListTests.xctest; sourceTree = BUILT_PRODUCTS_DIR; };
		9BF2BFBA1D63EEC8000A875E /* ListTests.swift */ = {isa = PBXFileReference; lastKnownFileType = sourcecode.swift; path = ListTests.swift; sourceTree = "<group>"; };
		9BF2BFBC1D63EEC8000A875E /* Info.plist */ = {isa = PBXFileReference; lastKnownFileType = text.plist.xml; path = Info.plist; sourceTree = "<group>"; };
		9BF2BFC71D63EED9000A875E /* PatternMatchingTests.xctest */ = {isa = PBXFileReference; explicitFileType = wrapper.cfbundle; includeInIndex = 0; path = PatternMatchingTests.xctest; sourceTree = BUILT_PRODUCTS_DIR; };
		9BF2BFC91D63EED9000A875E /* PatternMatchingTests.swift */ = {isa = PBXFileReference; lastKnownFileType = sourcecode.swift; path = PatternMatchingTests.swift; sourceTree = "<group>"; };
		9BF2BFCB1D63EED9000A875E /* Info.plist */ = {isa = PBXFileReference; lastKnownFileType = text.plist.xml; path = Info.plist; sourceTree = "<group>"; };
/* End PBXFileReference section */

/* Begin PBXFrameworksBuildPhase section */
		9B788CF81D59D5CA00B2402E /* Frameworks */ = {
			isa = PBXFrameworksBuildPhase;
			buildActionMask = 2147483647;
			files = (
			);
			runOnlyForDeploymentPostprocessing = 0;
		};
		9B788D251D59E03D00B2402E /* Frameworks */ = {
			isa = PBXFrameworksBuildPhase;
			buildActionMask = 2147483647;
			files = (
				9B788D2D1D59E03D00B2402E /* Algorithms_and_Data_structures.framework in Frameworks */,
			);
			runOnlyForDeploymentPostprocessing = 0;
		};
		9BF18A821D5A0273004D343B /* Frameworks */ = {
			isa = PBXFrameworksBuildPhase;
			buildActionMask = 2147483647;
			files = (
				9BF18A8A1D5A0273004D343B /* Algorithms_and_Data_structures.framework in Frameworks */,
			);
			runOnlyForDeploymentPostprocessing = 0;
		};
		9BF2BFB51D63EEC8000A875E /* Frameworks */ = {
			isa = PBXFrameworksBuildPhase;
			buildActionMask = 2147483647;
			files = (
				9BF2BFBD1D63EEC8000A875E /* Algorithms_and_Data_structures.framework in Frameworks */,
			);
			runOnlyForDeploymentPostprocessing = 0;
		};
		9BF2BFC41D63EED9000A875E /* Frameworks */ = {
			isa = PBXFrameworksBuildPhase;
			buildActionMask = 2147483647;
			files = (
				9BF2BFCC1D63EED9000A875E /* Algorithms_and_Data_structures.framework in Frameworks */,
			);
			runOnlyForDeploymentPostprocessing = 0;
		};
/* End PBXFrameworksBuildPhase section */

/* Begin PBXGroup section */
		9B788CF21D59D5CA00B2402E = {
			isa = PBXGroup;
			children = (
				9B788CFE1D59D5CA00B2402E /* Algorithms and Data structures */,
				9BF18A861D5A0273004D343B /* GraphTests */,
				9BF2BFB91D63EEC8000A875E /* ListTests */,
				9BF2BFC81D63EED9000A875E /* PatternMatchingTests */,
				9B788D291D59E03D00B2402E /* TreeTests */,
				9B788CFD1D59D5CA00B2402E /* Products */,
			);
			sourceTree = "<group>";
		};
		9B788CFD1D59D5CA00B2402E /* Products */ = {
			isa = PBXGroup;
			children = (
				9B788CFC1D59D5CA00B2402E /* Algorithms_and_Data_structures.framework */,
				9B788D281D59E03D00B2402E /* TreeTests.xctest */,
				9BF18A851D5A0273004D343B /* GraphTests.xctest */,
				9BF2BFB81D63EEC8000A875E /* ListTests.xctest */,
				9BF2BFC71D63EED9000A875E /* PatternMatchingTests.xctest */,
			);
			name = Products;
			sourceTree = "<group>";
		};
		9B788CFE1D59D5CA00B2402E /* Algorithms and Data structures */ = {
			isa = PBXGroup;
			children = (
				9B788D0A1D59D6E300B2402E /* Pattern Matching */,
				9B788D091D59D6D200B2402E /* Heaps, Trees */,
				9B788D081D59D6C700B2402E /* Lists */,
				9B788D071D59D68000B2402E /* Graphs */,
				9B788CFF1D59D5CA00B2402E /* Algorithms and Data structures.h */,
				9B788D001D59D5CA00B2402E /* Info.plist */,
			);
			path = "Algorithms and Data structures";
			sourceTree = "<group>";
		};
		9B788D071D59D68000B2402E /* Graphs */ = {
			isa = PBXGroup;
			children = (
				9B788D1D1D59DC0300B2402E /* Graph.swift */,
				9BF2BFB21D63C5AD000A875E /* Graph_Algorithms.swift */,
				9B788D1B1D59DC0300B2402E /* Graph_Hashing.swift */,
				9B788D1C1D59DC0300B2402E /* Graph_Matrix.swift */,
				9B12D8271D6A6FF400255705 /* Graph_List.swift */,
				9B12D8251D6A6FDA00255705 /* Graph_AdjacencyList.swift */,
			);
			name = Graphs;
			path = ..;
			sourceTree = "<group>";
		};
		9B788D081D59D6C700B2402E /* Lists */ = {
			isa = PBXGroup;
			children = (
				9BA3FC4B1D64874D0017F791 /* List.swift */,
				9B788D1E1D59DC0300B2402E /* SinglyLinkedList.swift */,
				9B788D1A1D59DC0300B2402E /* DoublyLinkedList.swift */,
			);
			name = Lists;
			path = ..;
			sourceTree = "<group>";
		};
		9B788D091D59D6D200B2402E /* Heaps, Trees */ = {
			isa = PBXGroup;
			children = (
				9B12D8291D6AF21C00255705 /* Tree.swift */,
				9B666C691D6BBDD0004E9FB3 /* PriorityQueue.swift */,
				9BB906C51D6B52F700F3445D /* BinaryTree */,
				9BB906C41D6B52E800F3445D /* BinaryHeap */,
				9B788D161D59D7B600B2402E /* BinomialHeap.swift */,
				9B666C6B1D6C594F004E9FB3 /* (a,b)-Tree.swift */,
				9B666C6D1D6C5998004E9FB3 /* B-Tree.swift */,
				9B666C6F1D6C59C5004E9FB3 /* B+-Tree.swift */,
			);
			name = "Heaps, Trees";
			sourceTree = "<group>";
		};
		9B788D0A1D59D6E300B2402E /* Pattern Matching */ = {
			isa = PBXGroup;
			children = (
				9B788D181D59D7D200B2402E /* Pattern_Matching.swift */,
			);
			name = "Pattern Matching";
			sourceTree = "<group>";
		};
		9B788D291D59E03D00B2402E /* TreeTests */ = {
			isa = PBXGroup;
			children = (
				9B788D2A1D59E03D00B2402E /* TreeTests.swift */,
				9B788D2C1D59E03D00B2402E /* Info.plist */,
			);
			path = TreeTests;
			sourceTree = "<group>";
		};
		9BB906C41D6B52E800F3445D /* BinaryHeap */ = {
			isa = PBXGroup;
			children = (
				9BB906C01D6B52CE00F3445D /* BinaryHeap.swift */,
				9BB906BE1D6B52AB00F3445D /* BinaryMinHeap.swift */,
				9BB906C21D6B52DA00F3445D /* BinaryMaxHeap.swift */,
			);
			name = BinaryHeap;
			sourceTree = "<group>";
		};
		9BB906C51D6B52F700F3445D /* BinaryTree */ = {
			isa = PBXGroup;
			children = (
				9B12D82D1D6AF52C00255705 /* BinaryTree.swift */,
				9BB906B81D6B527200F3445D /* AVLBinaryTree.swift */,
				9BB906BA1D6B528700F3445D /* CompositeBinaryTree.swift */,
				9BB906BC1D6B529D00F3445D /* AVLCompositeBinaryTree.swift */,
			);
			name = BinaryTree;
			sourceTree = "<group>";
		};
		9BF18A861D5A0273004D343B /* GraphTests */ = {
			isa = PBXGroup;
			children = (
				9BF18A871D5A0273004D343B /* GraphTests.swift */,
				9BF18A891D5A0273004D343B /* Info.plist */,
			);
			path = GraphTests;
			sourceTree = "<group>";
		};
		9BF2BFB91D63EEC8000A875E /* ListTests */ = {
			isa = PBXGroup;
			children = (
				9BF2BFBA1D63EEC8000A875E /* ListTests.swift */,
				9BF2BFBC1D63EEC8000A875E /* Info.plist */,
			);
			path = ListTests;
			sourceTree = "<group>";
		};
		9BF2BFC81D63EED9000A875E /* PatternMatchingTests */ = {
			isa = PBXGroup;
			children = (
				9BF2BFC91D63EED9000A875E /* PatternMatchingTests.swift */,
				9BF2BFCB1D63EED9000A875E /* Info.plist */,
			);
			path = PatternMatchingTests;
			sourceTree = "<group>";
		};
/* End PBXGroup section */

/* Begin PBXHeadersBuildPhase section */
		9B788CF91D59D5CA00B2402E /* Headers */ = {
			isa = PBXHeadersBuildPhase;
			buildActionMask = 2147483647;
			files = (
				9B788D011D59D5CA00B2402E /* Algorithms and Data structures.h in Headers */,
			);
			runOnlyForDeploymentPostprocessing = 0;
		};
/* End PBXHeadersBuildPhase section */

/* Begin PBXNativeTarget section */
		9B788CFB1D59D5CA00B2402E /* Algorithms and Data structures */ = {
			isa = PBXNativeTarget;
			buildConfigurationList = 9B788D041D59D5CA00B2402E /* Build configuration list for PBXNativeTarget "Algorithms and Data structures" */;
			buildPhases = (
				9B788CF71D59D5CA00B2402E /* Sources */,
				9B788CF81D59D5CA00B2402E /* Frameworks */,
				9B788CF91D59D5CA00B2402E /* Headers */,
				9B788CFA1D59D5CA00B2402E /* Resources */,
			);
			buildRules = (
			);
			dependencies = (
			);
			name = "Algorithms and Data structures";
			productName = "Algorithms and Data structures";
			productReference = 9B788CFC1D59D5CA00B2402E /* Algorithms_and_Data_structures.framework */;
			productType = "com.apple.product-type.framework";
		};
		9B788D271D59E03D00B2402E /* TreeTests */ = {
			isa = PBXNativeTarget;
			buildConfigurationList = 9B788D321D59E03D00B2402E /* Build configuration list for PBXNativeTarget "TreeTests" */;
			buildPhases = (
				9B788D241D59E03D00B2402E /* Sources */,
				9B788D251D59E03D00B2402E /* Frameworks */,
				9B788D261D59E03D00B2402E /* Resources */,
			);
			buildRules = (
			);
			dependencies = (
				9B788D2F1D59E03D00B2402E /* PBXTargetDependency */,
			);
			name = TreeTests;
			productName = TreeTests;
			productReference = 9B788D281D59E03D00B2402E /* TreeTests.xctest */;
			productType = "com.apple.product-type.bundle.unit-test";
		};
		9BF18A841D5A0273004D343B /* GraphTests */ = {
			isa = PBXNativeTarget;
			buildConfigurationList = 9BF18A8F1D5A0273004D343B /* Build configuration list for PBXNativeTarget "GraphTests" */;
			buildPhases = (
				9BF18A811D5A0273004D343B /* Sources */,
				9BF18A821D5A0273004D343B /* Frameworks */,
				9BF18A831D5A0273004D343B /* Resources */,
			);
			buildRules = (
			);
			dependencies = (
				9BF18A8C1D5A0273004D343B /* PBXTargetDependency */,
			);
			name = GraphTests;
			productName = GraphTests;
			productReference = 9BF18A851D5A0273004D343B /* GraphTests.xctest */;
			productType = "com.apple.product-type.bundle.unit-test";
		};
		9BF2BFB71D63EEC8000A875E /* ListTests */ = {
			isa = PBXNativeTarget;
			buildConfigurationList = 9BF2BFC21D63EEC8000A875E /* Build configuration list for PBXNativeTarget "ListTests" */;
			buildPhases = (
				9BF2BFB41D63EEC8000A875E /* Sources */,
				9BF2BFB51D63EEC8000A875E /* Frameworks */,
				9BF2BFB61D63EEC8000A875E /* Resources */,
			);
			buildRules = (
			);
			dependencies = (
				9BF2BFBF1D63EEC8000A875E /* PBXTargetDependency */,
			);
			name = ListTests;
			productName = ListTests;
			productReference = 9BF2BFB81D63EEC8000A875E /* ListTests.xctest */;
			productType = "com.apple.product-type.bundle.unit-test";
		};
		9BF2BFC61D63EED9000A875E /* PatternMatchingTests */ = {
			isa = PBXNativeTarget;
			buildConfigurationList = 9BF2BFCF1D63EED9000A875E /* Build configuration list for PBXNativeTarget "PatternMatchingTests" */;
			buildPhases = (
				9BF2BFC31D63EED9000A875E /* Sources */,
				9BF2BFC41D63EED9000A875E /* Frameworks */,
				9BF2BFC51D63EED9000A875E /* Resources */,
			);
			buildRules = (
			);
			dependencies = (
				9BF2BFCE1D63EED9000A875E /* PBXTargetDependency */,
			);
			name = PatternMatchingTests;
			productName = PatternMatchingTests;
			productReference = 9BF2BFC71D63EED9000A875E /* PatternMatchingTests.xctest */;
			productType = "com.apple.product-type.bundle.unit-test";
		};
/* End PBXNativeTarget section */

/* Begin PBXProject section */
		9B788CF31D59D5CA00B2402E /* Project object */ = {
			isa = PBXProject;
			attributes = {
				LastSwiftUpdateCheck = 0800;
				LastUpgradeCheck = 0800;
				ORGANIZATIONNAME = pauljohanneskraft;
				TargetAttributes = {
					9B788CFB1D59D5CA00B2402E = {
						CreatedOnToolsVersion = 8.0;
						DevelopmentTeam = TJSHMGE2VX;
						LastSwiftMigration = 0800;
						ProvisioningStyle = Automatic;
					};
					9B788D271D59E03D00B2402E = {
						CreatedOnToolsVersion = 8.0;
						DevelopmentTeam = TJSHMGE2VX;
						ProvisioningStyle = Automatic;
					};
					9BF18A841D5A0273004D343B = {
						CreatedOnToolsVersion = 8.0;
						DevelopmentTeam = TJSHMGE2VX;
						ProvisioningStyle = Automatic;
					};
					9BF2BFB71D63EEC8000A875E = {
						CreatedOnToolsVersion = 8.0;
						DevelopmentTeam = TJSHMGE2VX;
						ProvisioningStyle = Automatic;
					};
					9BF2BFC61D63EED9000A875E = {
						CreatedOnToolsVersion = 8.0;
						DevelopmentTeam = TJSHMGE2VX;
						ProvisioningStyle = Automatic;
					};
				};
			};
			buildConfigurationList = 9B788CF61D59D5CA00B2402E /* Build configuration list for PBXProject "Algorithms and Data structures" */;
			compatibilityVersion = "Xcode 3.2";
			developmentRegion = English;
			hasScannedForEncodings = 0;
			knownRegions = (
				en,
			);
			mainGroup = 9B788CF21D59D5CA00B2402E;
			productRefGroup = 9B788CFD1D59D5CA00B2402E /* Products */;
			projectDirPath = "";
			projectRoot = "";
			targets = (
				9B788CFB1D59D5CA00B2402E /* Algorithms and Data structures */,
				9B788D271D59E03D00B2402E /* TreeTests */,
				9BF18A841D5A0273004D343B /* GraphTests */,
				9BF2BFB71D63EEC8000A875E /* ListTests */,
				9BF2BFC61D63EED9000A875E /* PatternMatchingTests */,
			);
		};
/* End PBXProject section */

/* Begin PBXResourcesBuildPhase section */
		9B788CFA1D59D5CA00B2402E /* Resources */ = {
			isa = PBXResourcesBuildPhase;
			buildActionMask = 2147483647;
			files = (
			);
			runOnlyForDeploymentPostprocessing = 0;
		};
		9B788D261D59E03D00B2402E /* Resources */ = {
			isa = PBXResourcesBuildPhase;
			buildActionMask = 2147483647;
			files = (
			);
			runOnlyForDeploymentPostprocessing = 0;
		};
		9BF18A831D5A0273004D343B /* Resources */ = {
			isa = PBXResourcesBuildPhase;
			buildActionMask = 2147483647;
			files = (
			);
			runOnlyForDeploymentPostprocessing = 0;
		};
		9BF2BFB61D63EEC8000A875E /* Resources */ = {
			isa = PBXResourcesBuildPhase;
			buildActionMask = 2147483647;
			files = (
			);
			runOnlyForDeploymentPostprocessing = 0;
		};
		9BF2BFC51D63EED9000A875E /* Resources */ = {
			isa = PBXResourcesBuildPhase;
			buildActionMask = 2147483647;
			files = (
			);
			runOnlyForDeploymentPostprocessing = 0;
		};
/* End PBXResourcesBuildPhase section */

/* Begin PBXSourcesBuildPhase section */
		9B788CF71D59D5CA00B2402E /* Sources */ = {
			isa = PBXSourcesBuildPhase;
			buildActionMask = 2147483647;
			files = (
				9BB906B91D6B527200F3445D /* AVLBinaryTree.swift in Sources */,
				9B12D8261D6A6FDA00255705 /* Graph_AdjacencyList.swift in Sources */,
				9BB906BD1D6B529D00F3445D /* AVLCompositeBinaryTree.swift in Sources */,
				9B788D221D59DC0300B2402E /* Graph.swift in Sources */,
				9B788D171D59D7B600B2402E /* BinomialHeap.swift in Sources */,
				9B788D211D59DC0300B2402E /* Graph_Matrix.swift in Sources */,
				9B666C6E1D6C5998004E9FB3 /* B-Tree.swift in Sources */,
				9BB906C11D6B52CE00F3445D /* BinaryHeap.swift in Sources */,
				9B788D201D59DC0300B2402E /* Graph_Hashing.swift in Sources */,
				9B12D8281D6A6FF400255705 /* Graph_List.swift in Sources */,
				9BF2BFB31D63C5AD000A875E /* Graph_Algorithms.swift in Sources */,
				9B666C701D6C59C5004E9FB3 /* B+-Tree.swift in Sources */,
				9BB906C31D6B52DA00F3445D /* BinaryMaxHeap.swift in Sources */,
				9BB906BB1D6B528700F3445D /* CompositeBinaryTree.swift in Sources */,
				9B12D82E1D6AF52C00255705 /* BinaryTree.swift in Sources */,
				9B788D231D59DC0300B2402E /* SinglyLinkedList.swift in Sources */,
				9B788D1F1D59DC0300B2402E /* DoublyLinkedList.swift in Sources */,
				9B12D82A1D6AF21C00255705 /* Tree.swift in Sources */,
				9B788D191D59D7D200B2402E /* Pattern_Matching.swift in Sources */,
				9B666C6A1D6BBDD0004E9FB3 /* PriorityQueue.swift in Sources */,
				9BB906BF1D6B52AB00F3445D /* BinaryMinHeap.swift in Sources */,
				9BA3FC4C1D64874D0017F791 /* List.swift in Sources */,
				9B666C6C1D6C594F004E9FB3 /* (a,b)-Tree.swift in Sources */,
			);
			runOnlyForDeploymentPostprocessing = 0;
		};
		9B788D241D59E03D00B2402E /* Sources */ = {
			isa = PBXSourcesBuildPhase;
			buildActionMask = 2147483647;
			files = (
				9B788D2B1D59E03D00B2402E /* TreeTests.swift in Sources */,
			);
			runOnlyForDeploymentPostprocessing = 0;
		};
		9BF18A811D5A0273004D343B /* Sources */ = {
			isa = PBXSourcesBuildPhase;
			buildActionMask = 2147483647;
			files = (
				9BF18A881D5A0273004D343B /* GraphTests.swift in Sources */,
			);
			runOnlyForDeploymentPostprocessing = 0;
		};
		9BF2BFB41D63EEC8000A875E /* Sources */ = {
			isa = PBXSourcesBuildPhase;
			buildActionMask = 2147483647;
			files = (
				9BF2BFBB1D63EEC8000A875E /* ListTests.swift in Sources */,
			);
			runOnlyForDeploymentPostprocessing = 0;
		};
		9BF2BFC31D63EED9000A875E /* Sources */ = {
			isa = PBXSourcesBuildPhase;
			buildActionMask = 2147483647;
			files = (
				9BF2BFCA1D63EED9000A875E /* PatternMatchingTests.swift in Sources */,
			);
			runOnlyForDeploymentPostprocessing = 0;
		};
/* End PBXSourcesBuildPhase section */

/* Begin PBXTargetDependency section */
		9B788D2F1D59E03D00B2402E /* PBXTargetDependency */ = {
			isa = PBXTargetDependency;
			target = 9B788CFB1D59D5CA00B2402E /* Algorithms and Data structures */;
			targetProxy = 9B788D2E1D59E03D00B2402E /* PBXContainerItemProxy */;
		};
		9BF18A8C1D5A0273004D343B /* PBXTargetDependency */ = {
			isa = PBXTargetDependency;
			target = 9B788CFB1D59D5CA00B2402E /* Algorithms and Data structures */;
			targetProxy = 9BF18A8B1D5A0273004D343B /* PBXContainerItemProxy */;
		};
		9BF2BFBF1D63EEC8000A875E /* PBXTargetDependency */ = {
			isa = PBXTargetDependency;
			target = 9B788CFB1D59D5CA00B2402E /* Algorithms and Data structures */;
			targetProxy = 9BF2BFBE1D63EEC8000A875E /* PBXContainerItemProxy */;
		};
		9BF2BFCE1D63EED9000A875E /* PBXTargetDependency */ = {
			isa = PBXTargetDependency;
			target = 9B788CFB1D59D5CA00B2402E /* Algorithms and Data structures */;
			targetProxy = 9BF2BFCD1D63EED9000A875E /* PBXContainerItemProxy */;
		};
/* End PBXTargetDependency section */

/* Begin XCBuildConfiguration section */
		9B788D021D59D5CA00B2402E /* Debug */ = {
			isa = XCBuildConfiguration;
			buildSettings = {
				ALWAYS_SEARCH_USER_PATHS = NO;
				CLANG_ANALYZER_NONNULL = YES;
				CLANG_CXX_LANGUAGE_STANDARD = "gnu++0x";
				CLANG_CXX_LIBRARY = "libc++";
				CLANG_ENABLE_MODULES = YES;
				CLANG_ENABLE_OBJC_ARC = YES;
				CLANG_WARN_BOOL_CONVERSION = YES;
				CLANG_WARN_CONSTANT_CONVERSION = YES;
				CLANG_WARN_DIRECT_OBJC_ISA_USAGE = YES_ERROR;
				CLANG_WARN_DOCUMENTATION_COMMENTS = YES;
				CLANG_WARN_EMPTY_BODY = YES;
				CLANG_WARN_ENUM_CONVERSION = YES;
				CLANG_WARN_INFINITE_RECURSION = YES;
				CLANG_WARN_INT_CONVERSION = YES;
				CLANG_WARN_OBJC_ROOT_CLASS = YES_ERROR;
				CLANG_WARN_SUSPICIOUS_MOVES = YES;
				CLANG_WARN_UNREACHABLE_CODE = YES;
				CLANG_WARN__DUPLICATE_METHOD_MATCH = YES;
				CODE_SIGN_IDENTITY = "-";
				COPY_PHASE_STRIP = NO;
				CURRENT_PROJECT_VERSION = 1;
				DEBUG_INFORMATION_FORMAT = dwarf;
				ENABLE_STRICT_OBJC_MSGSEND = YES;
				ENABLE_TESTABILITY = YES;
				GCC_C_LANGUAGE_STANDARD = gnu99;
				GCC_DYNAMIC_NO_PIC = NO;
				GCC_NO_COMMON_BLOCKS = YES;
				GCC_OPTIMIZATION_LEVEL = 0;
				GCC_PREPROCESSOR_DEFINITIONS = (
					"DEBUG=1",
					"$(inherited)",
				);
				GCC_WARN_64_TO_32_BIT_CONVERSION = YES;
				GCC_WARN_ABOUT_RETURN_TYPE = YES_ERROR;
				GCC_WARN_UNDECLARED_SELECTOR = YES;
				GCC_WARN_UNINITIALIZED_AUTOS = YES_AGGRESSIVE;
				GCC_WARN_UNUSED_FUNCTION = YES;
				GCC_WARN_UNUSED_VARIABLE = YES;
				MACOSX_DEPLOYMENT_TARGET = 10.11;
				MTL_ENABLE_DEBUG_INFO = YES;
				ONLY_ACTIVE_ARCH = YES;
				SDKROOT = macosx;
				SWIFT_ACTIVE_COMPILATION_CONDITIONS = DEBUG;
				SWIFT_OPTIMIZATION_LEVEL = "-Onone";
				VERSIONING_SYSTEM = "apple-generic";
				VERSION_INFO_PREFIX = "";
			};
			name = Debug;
		};
		9B788D031D59D5CA00B2402E /* Release */ = {
			isa = XCBuildConfiguration;
			buildSettings = {
				ALWAYS_SEARCH_USER_PATHS = NO;
				CLANG_ANALYZER_NONNULL = YES;
				CLANG_CXX_LANGUAGE_STANDARD = "gnu++0x";
				CLANG_CXX_LIBRARY = "libc++";
				CLANG_ENABLE_MODULES = YES;
				CLANG_ENABLE_OBJC_ARC = YES;
				CLANG_WARN_BOOL_CONVERSION = YES;
				CLANG_WARN_CONSTANT_CONVERSION = YES;
				CLANG_WARN_DIRECT_OBJC_ISA_USAGE = YES_ERROR;
				CLANG_WARN_DOCUMENTATION_COMMENTS = YES;
				CLANG_WARN_EMPTY_BODY = YES;
				CLANG_WARN_ENUM_CONVERSION = YES;
				CLANG_WARN_INFINITE_RECURSION = YES;
				CLANG_WARN_INT_CONVERSION = YES;
				CLANG_WARN_OBJC_ROOT_CLASS = YES_ERROR;
				CLANG_WARN_SUSPICIOUS_MOVES = YES;
				CLANG_WARN_UNREACHABLE_CODE = YES;
				CLANG_WARN__DUPLICATE_METHOD_MATCH = YES;
				CODE_SIGN_IDENTITY = "-";
				COPY_PHASE_STRIP = NO;
				CURRENT_PROJECT_VERSION = 1;
				DEBUG_INFORMATION_FORMAT = "dwarf-with-dsym";
				ENABLE_NS_ASSERTIONS = NO;
				ENABLE_STRICT_OBJC_MSGSEND = YES;
				GCC_C_LANGUAGE_STANDARD = gnu99;
				GCC_NO_COMMON_BLOCKS = YES;
				GCC_WARN_64_TO_32_BIT_CONVERSION = YES;
				GCC_WARN_ABOUT_RETURN_TYPE = YES_ERROR;
				GCC_WARN_UNDECLARED_SELECTOR = YES;
				GCC_WARN_UNINITIALIZED_AUTOS = YES_AGGRESSIVE;
				GCC_WARN_UNUSED_FUNCTION = YES;
				GCC_WARN_UNUSED_VARIABLE = YES;
				MACOSX_DEPLOYMENT_TARGET = 10.11;
				MTL_ENABLE_DEBUG_INFO = NO;
				SDKROOT = macosx;
				SWIFT_OPTIMIZATION_LEVEL = "-Owholemodule";
				VERSIONING_SYSTEM = "apple-generic";
				VERSION_INFO_PREFIX = "";
			};
			name = Release;
		};
		9B788D051D59D5CA00B2402E /* Debug */ = {
			isa = XCBuildConfiguration;
			buildSettings = {
				CLANG_ENABLE_MODULES = YES;
				CODE_SIGN_IDENTITY = "";
				COMBINE_HIDPI_IMAGES = YES;
				DEFINES_MODULE = NO;
				DEVELOPMENT_TEAM = TJSHMGE2VX;
				DYLIB_COMPATIBILITY_VERSION = 1;
				DYLIB_CURRENT_VERSION = 1;
				DYLIB_INSTALL_NAME_BASE = "@rpath";
				FRAMEWORK_VERSION = A;
				INFOPLIST_FILE = "Algorithms and Data structures/Info.plist";
				INSTALL_PATH = "$(LOCAL_LIBRARY_DIR)/Frameworks";
				LD_RUNPATH_SEARCH_PATHS = "$(inherited) @executable_path/../Frameworks @loader_path/Frameworks";
				PRODUCT_BUNDLE_IDENTIFIER = "Kraft.Algorithms-and-Data-structures";
				PRODUCT_NAME = Algorithms_and_Data_structures;
				SKIP_INSTALL = YES;
				SWIFT_OPTIMIZATION_LEVEL = "-Onone";
				SWIFT_VERSION = 3.0;
			};
			name = Debug;
		};
		9B788D061D59D5CA00B2402E /* Release */ = {
			isa = XCBuildConfiguration;
			buildSettings = {
				CLANG_ENABLE_MODULES = YES;
				CODE_SIGN_IDENTITY = "";
				COMBINE_HIDPI_IMAGES = YES;
				DEFINES_MODULE = NO;
				DEVELOPMENT_TEAM = TJSHMGE2VX;
				DYLIB_COMPATIBILITY_VERSION = 1;
				DYLIB_CURRENT_VERSION = 1;
				DYLIB_INSTALL_NAME_BASE = "@rpath";
				FRAMEWORK_VERSION = A;
				INFOPLIST_FILE = "Algorithms and Data structures/Info.plist";
				INSTALL_PATH = "$(LOCAL_LIBRARY_DIR)/Frameworks";
				LD_RUNPATH_SEARCH_PATHS = "$(inherited) @executable_path/../Frameworks @loader_path/Frameworks";
				PRODUCT_BUNDLE_IDENTIFIER = "Kraft.Algorithms-and-Data-structures";
				PRODUCT_NAME = Algorithms_and_Data_structures;
				SKIP_INSTALL = YES;
				SWIFT_VERSION = 3.0;
			};
			name = Release;
		};
		9B788D301D59E03D00B2402E /* Debug */ = {
			isa = XCBuildConfiguration;
			buildSettings = {
				COMBINE_HIDPI_IMAGES = YES;
				DEVELOPMENT_TEAM = TJSHMGE2VX;
				INFOPLIST_FILE = TreeTests/Info.plist;
				LD_RUNPATH_SEARCH_PATHS = "$(inherited) @executable_path/../Frameworks @loader_path/../Frameworks";
				PRODUCT_BUNDLE_IDENTIFIER = Kraft.TreeTests;
				PRODUCT_NAME = "$(TARGET_NAME)";
				SWIFT_VERSION = 3.0;
			};
			name = Debug;
		};
		9B788D311D59E03D00B2402E /* Release */ = {
			isa = XCBuildConfiguration;
			buildSettings = {
				COMBINE_HIDPI_IMAGES = YES;
				DEVELOPMENT_TEAM = TJSHMGE2VX;
				INFOPLIST_FILE = TreeTests/Info.plist;
				LD_RUNPATH_SEARCH_PATHS = "$(inherited) @executable_path/../Frameworks @loader_path/../Frameworks";
				PRODUCT_BUNDLE_IDENTIFIER = Kraft.TreeTests;
				PRODUCT_NAME = "$(TARGET_NAME)";
				SWIFT_VERSION = 3.0;
			};
			name = Release;
		};
		9BF18A8D1D5A0273004D343B /* Debug */ = {
			isa = XCBuildConfiguration;
			buildSettings = {
				COMBINE_HIDPI_IMAGES = YES;
				DEVELOPMENT_TEAM = TJSHMGE2VX;
				INFOPLIST_FILE = GraphTests/Info.plist;
				LD_RUNPATH_SEARCH_PATHS = "$(inherited) @executable_path/../Frameworks @loader_path/../Frameworks";
				PRODUCT_BUNDLE_IDENTIFIER = Kraft.GraphTests;
				PRODUCT_NAME = "$(TARGET_NAME)";
				SWIFT_VERSION = 3.0;
			};
			name = Debug;
		};
		9BF18A8E1D5A0273004D343B /* Release */ = {
			isa = XCBuildConfiguration;
			buildSettings = {
				COMBINE_HIDPI_IMAGES = YES;
				DEVELOPMENT_TEAM = TJSHMGE2VX;
				INFOPLIST_FILE = GraphTests/Info.plist;
				LD_RUNPATH_SEARCH_PATHS = "$(inherited) @executable_path/../Frameworks @loader_path/../Frameworks";
				PRODUCT_BUNDLE_IDENTIFIER = Kraft.GraphTests;
				PRODUCT_NAME = "$(TARGET_NAME)";
				SWIFT_VERSION = 3.0;
			};
			name = Release;
		};
		9BF2BFC01D63EEC8000A875E /* Debug */ = {
			isa = XCBuildConfiguration;
			buildSettings = {
				COMBINE_HIDPI_IMAGES = YES;
				DEVELOPMENT_TEAM = TJSHMGE2VX;
				INFOPLIST_FILE = ListTests/Info.plist;
				LD_RUNPATH_SEARCH_PATHS = "$(inherited) @executable_path/../Frameworks @loader_path/../Frameworks";
				PRODUCT_BUNDLE_IDENTIFIER = Kraft.ListTests;
				PRODUCT_NAME = "$(TARGET_NAME)";
				SWIFT_VERSION = 3.0;
			};
			name = Debug;
		};
		9BF2BFC11D63EEC8000A875E /* Release */ = {
			isa = XCBuildConfiguration;
			buildSettings = {
				COMBINE_HIDPI_IMAGES = YES;
				DEVELOPMENT_TEAM = TJSHMGE2VX;
				INFOPLIST_FILE = ListTests/Info.plist;
				LD_RUNPATH_SEARCH_PATHS = "$(inherited) @executable_path/../Frameworks @loader_path/../Frameworks";
				PRODUCT_BUNDLE_IDENTIFIER = Kraft.ListTests;
				PRODUCT_NAME = "$(TARGET_NAME)";
				SWIFT_VERSION = 3.0;
			};
			name = Release;
		};
		9BF2BFD01D63EED9000A875E /* Debug */ = {
			isa = XCBuildConfiguration;
			buildSettings = {
				COMBINE_HIDPI_IMAGES = YES;
				DEVELOPMENT_TEAM = TJSHMGE2VX;
				INFOPLIST_FILE = PatternMatchingTests/Info.plist;
				LD_RUNPATH_SEARCH_PATHS = "$(inherited) @executable_path/../Frameworks @loader_path/../Frameworks";
				PRODUCT_BUNDLE_IDENTIFIER = Kraft.PatternMatchingTests;
				PRODUCT_NAME = "$(TARGET_NAME)";
				SWIFT_VERSION = 3.0;
			};
			name = Debug;
		};
		9BF2BFD11D63EED9000A875E /* Release */ = {
			isa = XCBuildConfiguration;
			buildSettings = {
				COMBINE_HIDPI_IMAGES = YES;
				DEVELOPMENT_TEAM = TJSHMGE2VX;
				INFOPLIST_FILE = PatternMatchingTests/Info.plist;
				LD_RUNPATH_SEARCH_PATHS = "$(inherited) @executable_path/../Frameworks @loader_path/../Frameworks";
				PRODUCT_BUNDLE_IDENTIFIER = Kraft.PatternMatchingTests;
				PRODUCT_NAME = "$(TARGET_NAME)";
				SWIFT_VERSION = 3.0;
			};
			name = Release;
		};
/* End XCBuildConfiguration section */

/* Begin XCConfigurationList section */
		9B788CF61D59D5CA00B2402E /* Build configuration list for PBXProject "Algorithms and Data structures" */ = {
			isa = XCConfigurationList;
			buildConfigurations = (
				9B788D021D59D5CA00B2402E /* Debug */,
				9B788D031D59D5CA00B2402E /* Release */,
			);
			defaultConfigurationIsVisible = 0;
			defaultConfigurationName = Release;
		};
		9B788D041D59D5CA00B2402E /* Build configuration list for PBXNativeTarget "Algorithms and Data structures" */ = {
			isa = XCConfigurationList;
			buildConfigurations = (
				9B788D051D59D5CA00B2402E /* Debug */,
				9B788D061D59D5CA00B2402E /* Release */,
			);
			defaultConfigurationIsVisible = 0;
			defaultConfigurationName = Release;
		};
		9B788D321D59E03D00B2402E /* Build configuration list for PBXNativeTarget "TreeTests" */ = {
			isa = XCConfigurationList;
			buildConfigurations = (
				9B788D301D59E03D00B2402E /* Debug */,
				9B788D311D59E03D00B2402E /* Release */,
			);
			defaultConfigurationIsVisible = 0;
			defaultConfigurationName = Release;
		};
		9BF18A8F1D5A0273004D343B /* Build configuration list for PBXNativeTarget "GraphTests" */ = {
			isa = XCConfigurationList;
			buildConfigurations = (
				9BF18A8D1D5A0273004D343B /* Debug */,
				9BF18A8E1D5A0273004D343B /* Release */,
			);
			defaultConfigurationIsVisible = 0;
			defaultConfigurationName = Release;
		};
		9BF2BFC21D63EEC8000A875E /* Build configuration list for PBXNativeTarget "ListTests" */ = {
			isa = XCConfigurationList;
			buildConfigurations = (
				9BF2BFC01D63EEC8000A875E /* Debug */,
				9BF2BFC11D63EEC8000A875E /* Release */,
			);
			defaultConfigurationIsVisible = 0;
			defaultConfigurationName = Release;
		};
		9BF2BFCF1D63EED9000A875E /* Build configuration list for PBXNativeTarget "PatternMatchingTests" */ = {
			isa = XCConfigurationList;
			buildConfigurations = (
				9BF2BFD01D63EED9000A875E /* Debug */,
				9BF2BFD11D63EED9000A875E /* Release */,
			);
			defaultConfigurationIsVisible = 0;
			defaultConfigurationName = Release;
		};
/* End XCConfigurationList section */
	};
	rootObject = 9B788CF31D59D5CA00B2402E /* Project object */;
}
